
Microsoft Visual Studio Solution File, Format Version 12.00
# Visual Studio 15
VisualStudioVersion = 15.0.28010.2036
MinimumVisualStudioVersion = 10.0.40219.1
Project("{FAE04EC0-301F-11D3-BF4B-00C04F79EFBC}") = "DROPBOX1", "DROPBOX1\DROPBOX1.csproj", "{CD3EEB3C-6626-4009-A7A0-C7558A15F8CF}"
EndProject
Global
	GlobalSection(SolutionConfigurationPlatforms) = preSolution
		Debug|Any CPU = Debug|Any CPU
		Release|Any CPU = Release|Any CPU
	EndGlobalSection
	GlobalSection(ProjectConfigurationPlatforms) = postSolution
		{CD3EEB3C-6626-4009-A7A0-C7558A15F8CF}.Debug|Any CPU.ActiveCfg = Debug|Any CPU
		{CD3EEB3C-6626-4009-A7A0-C7558A15F8CF}.Debug|Any CPU.Build.0 = Debug|Any CPU
		{CD3EEB3C-6626-4009-A7A0-C7558A15F8CF}.Release|Any CPU.ActiveCfg = Release|Any CPU
		{CD3EEB3C-6626-4009-A7A0-C7558A15F8CF}.Release|Any CPU.Build.0 = Release|Any CPU
	EndGlobalSection
	GlobalSection(SolutionProperties) = preSolution
		HideSolutionNode = FALSE
	EndGlobalSection
	GlobalSection(ExtensibilityGlobals) = postSolution
		SolutionGuid = {881E01BC-4F4D-4B48-BD53-ACE7D42C3402}
	EndGlobalSection
EndGlobal
